{
  "name": "la-specola",
  "requires": true,
  "lockfileVersion": 1,
  "dependencies": {
    "simple-form-js-component": {
      "version": "0.1.0",
      "resolved": "https://registry.npmjs.org/simple-form-js-component/-/simple-form-js-component-0.1.0.tgz",
      "integrity": "sha512-i1wzMPtM/jhnzBGC9Oa1v0H7CNegOi4gX8949IRwwUn7gr31wPhvAe7ncHpJsui6H2PIxKjb1YdbESR/xjlRRw=="
    }
  }
}
